
Microsoft Visual Studio Solution File, Format Version 12.00
# Visual Studio Version 17
VisualStudioVersion = 17.10.35122.118
MinimumVisualStudioVersion = 10.0.40219.1
Project("{FAE04EC0-301F-11D3-BF4B-00C04F79EFBC}") = "LiftLab", "LiftLab\LiftLab.csproj", "{E81E83FD-EC1D-473C-86E0-D7AC368962A7}"
EndProject
Global
	GlobalSection(SolutionConfigurationPlatforms) = preSolution
		Debug|Any CPU = Debug|Any CPU
		Release|Any CPU = Release|Any CPU
	EndGlobalSection
	GlobalSection(ProjectConfigurationPlatforms) = postSolution
		{E81E83FD-EC1D-473C-86E0-D7AC368962A7}.Debug|Any CPU.ActiveCfg = Debug|Any CPU
		{E81E83FD-EC1D-473C-86E0-D7AC368962A7}.Debug|Any CPU.Build.0 = Debug|Any CPU
		{E81E83FD-EC1D-473C-86E0-D7AC368962A7}.Debug|Any CPU.Deploy.0 = Debug|Any CPU
		{E81E83FD-EC1D-473C-86E0-D7AC368962A7}.Release|Any CPU.ActiveCfg = Release|Any CPU
		{E81E83FD-EC1D-473C-86E0-D7AC368962A7}.Release|Any CPU.Build.0 = Release|Any CPU
		{E81E83FD-EC1D-473C-86E0-D7AC368962A7}.Release|Any CPU.Deploy.0 = Release|Any CPU
	EndGlobalSection
	GlobalSection(SolutionProperties) = preSolution
		HideSolutionNode = FALSE
	EndGlobalSection
	GlobalSection(ExtensibilityGlobals) = postSolution
		SolutionGuid = {B059BBE1-6AD9-43DC-8E1D-1183E796D50F}
	EndGlobalSection
EndGlobal
